// !$*UTF8*$!
{
	archiveVersion = 1;
	classes = {
	};
	objectVersion = 46;
	objects = {

/* Begin PBXBuildFile section */
		352226BE1D851CB700BE91E5 /* AppDelegate.swift in Sources */ = {isa = PBXBuildFile; fileRef = 352226BD1D851CB700BE91E5 /* AppDelegate.swift */; };
		352226C01D851CB700BE91E5 /* ViewController.swift in Sources */ = {isa = PBXBuildFile; fileRef = 352226BF1D851CB700BE91E5 /* ViewController.swift */; };
		352226C31D851CB700BE91E5 /* Main.storyboard in Resources */ = {isa = PBXBuildFile; fileRef = 352226C11D851CB700BE91E5 /* Main.storyboard */; };
		352226C51D851CB700BE91E5 /* Assets.xcassets in Resources */ = {isa = PBXBuildFile; fileRef = 352226C41D851CB700BE91E5 /* Assets.xcassets */; };
		352226C81D851CB700BE91E5 /* LaunchScreen.storyboard in Resources */ = {isa = PBXBuildFile; fileRef = 352226C61D851CB700BE91E5 /* LaunchScreen.storyboard */; };
/* End PBXBuildFile section */

/* Begin PBXFileReference section */
		352226BA1D851CB700BE91E5 /* Mozio.app */ = {isa = PBXFileReference; explicitFileType = wrapper.application; includeInIndex = 0; path = Mozio.app; sourceTree = BUILT_PRODUCTS_DIR; };
		352226BD1D851CB700BE91E5 /* AppDelegate.swift */ = {isa = PBXFileReference; lastKnownFileType = sourcecode.swift; path = AppDelegate.swift; sourceTree = "<group>"; };
		352226BF1D851CB700BE91E5 /* ViewController.swift */ = {isa = PBXFileReference; lastKnownFileType = sourcecode.swift; path = ViewController.swift; sourceTree = "<group>"; };
		352226C21D851CB700BE91E5 /* Base */ = {isa = PBXFileReference; lastKnownFileType = file.storyboard; name = Base; path = Base.lproj/Main.storyboard; sourceTree = "<group>"; };
		352226C41D851CB700BE91E5 /* Assets.xcassets */ = {isa = PBXFileReference; lastKnownFileType = folder.assetcatalog; path = Assets.xcassets; sourceTree = "<group>"; };
		352226C71D851CB700BE91E5 /* Base */ = {isa = PBXFileReference; lastKnownFileType = file.storyboard; name = Base; path = Base.lproj/LaunchScreen.storyboard; sourceTree = "<group>"; };
		352226C91D851CB700BE91E5 /* Info.plist */ = {isa = PBXFileReference; lastKnownFileType = text.plist.xml; path = Info.plist; sourceTree = "<group>"; };
/* End PBXFileReference section */

/* Begin PBXFrameworksBuildPhase section */
		352226B71D851CB700BE91E5 /* Frameworks */ = {
			isa = PBXFrameworksBuildPhase;
			buildActionMask = 2147483647;
			files = (
			);
			runOnlyForDeploymentPostprocessing = 0;
		};
/* End PBXFrameworksBuildPhase section */

/* Begin PBXGroup section */
		352226B11D851CB700BE91E5 = {
			isa = PBXGroup;
			children = (
				352226BC1D851CB700BE91E5 /* Mozio */,
				352226BB1D851CB700BE91E5 /* Products */,
			);
			sourceTree = "<group>";
		};
		352226BB1D851CB700BE91E5 /* Products */ = {
			isa = PBXGroup;
			children = (
				352226BA1D851CB700BE91E5 /* Mozio.app */,
			);
			name = Products;
			sourceTree = "<group>";
		};
		352226BC1D851CB700BE91E5 /* Mozio */ = {
			isa = PBXGroup;
			children = (
				352226BD1D851CB700BE91E5 /* AppDelegate.swift */,
				352226BF1D851CB700BE91E5 /* ViewController.swift */,
				352226C11D851CB700BE91E5 /* Main.storyboard */,
				352226C41D851CB700BE91E5 /* Assets.xcassets */,
				352226C61D851CB700BE91E5 /* LaunchScreen.storyboard */,
				352226C91D851CB700BE91E5 /* Info.plist */,
			);
			path = Mozio;
			sourceTree = "<group>";
		};
/* End PBXGroup section */

/* Begin PBXNativeTarget section */
		352226B91D851CB700BE91E5 /* Mozio */ = {
			isa = PBXNativeTarget;
			buildConfigurationList = 352226CC1D851CB700BE91E5 /* Build configuration list for PBXNativeTarget "Mozio" */;
			buildPhases = (
				352226B61D851CB700BE91E5 /* Sources */,
				352226B71D851CB700BE91E5 /* Frameworks */,
				352226B81D851CB700BE91E5 /* Resources */,
			);
			buildRules = (
			);
			dependencies = (
			);
			name = Mozio;
			productName = Mozio;
			productReference = 352226BA1D851CB700BE91E5 /* Mozio.app */;
			productType = "com.apple.product-type.application";
		};
/* End PBXNativeTarget section */

/* Begin PBXProject section */
		352226B21D851CB700BE91E5 /* Project object */ = {
			isa = PBXProject;
			attributes = {
				LastSwiftUpdateCheck = 0730;
				LastUpgradeCheck = 0730;
				ORGANIZATIONNAME = "Rahul Katariya";
				TargetAttributes = {
					352226B91D851CB700BE91E5 = {
						CreatedOnToolsVersion = 7.3.1;
					};
				};
			};
			buildConfigurationList = 352226B51D851CB700BE91E5 /* Build configuration list for PBXProject "Mozio" */;
			compatibilityVersion = "Xcode 3.2";
			developmentRegion = English;
			hasScannedForEncodings = 0;
			knownRegions = (
				en,
				Base,
			);
			mainGroup = 352226B11D851CB700BE91E5;
			productRefGroup = 352226BB1D851CB700BE91E5 /* Products */;
			projectDirPath = "";
			projectRoot = "";
			targets = (
				352226B91D851CB700BE91E5 /* Mozio */,
			);
		};
/* End PBXProject section */

/* Begin PBXResourcesBuildPhase section */
		352226B81D851CB700BE91E5 /* Resources */ = {
			isa = PBXResourcesBuildPhase;
			buildActionMask = 2147483647;
			files = (
				352226C81D851CB700BE91E5 /* LaunchScreen.storyboard in Resources */,
				352226C51D851CB700BE91E5 /* Assets.xcassets in Resources */,
				352226C31D851CB700BE91E5 /* Main.storyboard in Resources */,
			);
			runOnlyForDeploymentPostprocessing = 0;
		};
/* End PBXResourcesBuildPhase section */

/* Begin PBXSourcesBuildPhase section */
		352226B61D851CB700BE91E5 /* Sources */ = {
			isa = PBXSourcesBuildPhase;
			buildActionMask = 2147483647;
			files = (
				352226C01D851CB700BE91E5 /* ViewController.swift in Sources */,
				352226BE1D851CB700BE91E5 /* AppDelegate.swift in Sources */,
			);
			runOnlyForDeploymentPostprocessing = 0;
		};
/* End PBXSourcesBuildPhase section */

/* Begin PBXVariantGroup section */
		352226C11D851CB700BE91E5 /* Main.storyboard */ = {
			isa = PBXVariantGroup;
			children = (
				352226C21D851CB700BE91E5 /* Base */,
			);
			name = Main.storyboard;
			sourceTree = "<group>";
		};
		352226C61D851CB700BE91E5 /* LaunchScreen.storyboard */ = {
			isa = PBXVariantGroup;
			children = (
				352226C71D851CB700BE91E5 /* Base */,
			);
			name = LaunchScreen.storyboard;
			sourceTree = "<group>";
		};
/* End PBXVariantGroup section */

/* Begin XCBuildConfiguration section */
		352226CA1D851CB700BE91E5 /* Debug */ = {
			isa = XCBuildConfiguration;
			buildSettings = {
				ALWAYS_SEARCH_USER_PATHS = NO;
				CLANG_ANALYZER_NONNULL = YES;
				CLANG_CXX_LANGUAGE_STANDARD = "gnu++0x";
				CLANG_CXX_LIBRARY = "libc++";
				CLANG_ENABLE_MODULES = YES;
				CLANG_ENABLE_OBJC_ARC = YES;
				CLANG_WARN_BOOL_CONVERSION = YES;
				CLANG_WARN_CONSTANT_CONVERSION = YES;
				CLANG_WARN_DIRECT_OBJC_ISA_USAGE = YES_ERROR;
				CLANG_WARN_EMPTY_BODY = YES;
				CLANG_WARN_ENUM_CONVERSION = YES;
				CLANG_WARN_INT_CONVERSION = YES;
				CLANG_WARN_OBJC_ROOT_CLASS = YES_ERROR;
				CLANG_WARN_UNREACHABLE_CODE = YES;
				CLANG_WARN__DUPLICATE_METHOD_MATCH = YES;
				"CODE_SIGN_IDENTITY[sdk=iphoneos*]" = "iPhone Developer";
				COPY_PHASE_STRIP = NO;
				DEBUG_INFORMATION_FORMAT = dwarf;
				ENABLE_STRICT_OBJC_MSGSEND = YES;
				ENABLE_TESTABILITY = YES;
				GCC_C_LANGUAGE_STANDARD = gnu99;
				GCC_DYNAMIC_NO_PIC = NO;
				GCC_NO_COMMON_BLOCKS = YES;
				GCC_OPTIMIZATION_LEVEL = 0;
				GCC_PREPROCESSOR_DEFINITIONS = (
					"DEBUG=1",
					"$(inherited)",
				);
				GCC_WARN_64_TO_32_BIT_CONVERSION = YES;
				GCC_WARN_ABOUT_RETURN_TYPE = YES_ERROR;
				GCC_WARN_UNDECLARED_SELECTOR = YES;
				GCC_WARN_UNINITIALIZED_AUTOS = YES_AGGRESSIVE;
				GCC_WARN_UNUSED_FUNCTION = YES;
				GCC_WARN_UNUSED_VARIABLE = YES;
				IPHONEOS_DEPLOYMENT_TARGET = 9.3;
				MTL_ENABLE_DEBUG_INFO = YES;
				ONLY_ACTIVE_ARCH = YES;
				SDKROOT = iphoneos;
				SWIFT_OPTIMIZATION_LEVEL = "-Onone";
				TARGETED_DEVICE_FAMILY = "1,2";
			};
			name = Debug;
		};
		352226CB1D851CB700BE91E5 /* Release */ = {
			isa = XCBuildConfiguration;
			buildSettings = {
				ALWAYS_SEARCH_USER_PATHS = NO;
				CLANG_ANALYZER_NONNULL = YES;
				CLANG_CXX_LANGUAGE_STANDARD = "gnu++0x";
				CLANG_CXX_LIBRARY = "libc++";
				CLANG_ENABLE_MODULES = YES;
				CLANG_ENABLE_OBJC_ARC = YES;
				CLANG_WARN_BOOL_CONVERSION = YES;
				CLANG_WARN_CONSTANT_CONVERSION = YES;
				CLANG_WARN_DIRECT_OBJC_ISA_USAGE = YES_ERROR;
				CLANG_WARN_EMPTY_BODY = YES;
				CLANG_WARN_ENUM_CONVERSION = YES;
				CLANG_WARN_INT_CONVERSION = YES;
				CLANG_WARN_OBJC_ROOT_CLASS = YES_ERROR;
				CLANG_WARN_UNREACHABLE_CODE = YES;
				CLANG_WARN__DUPLICATE_METHOD_MATCH = YES;
				"CODE_SIGN_IDENTITY[sdk=iphoneos*]" = "iPhone Developer";
				COPY_PHASE_STRIP = NO;
				DEBUG_INFORMATION_FORMAT = "dwarf-with-dsym";
				ENABLE_NS_ASSERTIONS = NO;
				ENABLE_STRICT_OBJC_MSGSEND = YES;
				GCC_C_LANGUAGE_STANDARD = gnu99;
				GCC_NO_COMMON_BLOCKS = YES;
				GCC_WARN_64_TO_32_BIT_CONVERSION = YES;
				GCC_WARN_ABOUT_RETURN_TYPE = YES_ERROR;
				GCC_WARN_UNDECLARED_SELECTOR = YES;
				GCC_WARN_UNINITIALIZED_AUTOS = YES_AGGRESSIVE;
				GCC_WARN_UNUSED_FUNCTION = YES;
				GCC_WARN_UNUSED_VARIABLE = YES;
				IPHONEOS_DEPLOYMENT_TARGET = 9.3;
				MTL_ENABLE_DEBUG_INFO = NO;
				SDKROOT = iphoneos;
				TARGETED_DEVICE_FAMILY = "1,2";
				VALIDATE_PRODUCT = YES;
			};
			name = Release;
		};
		352226CD1D851CB700BE91E5 /* Debug */ = {
			isa = XCBuildConfiguration;
			buildSettings = {
				ASSETCATALOG_COMPILER_APPICON_NAME = AppIcon;
				INFOPLIST_FILE = Mozio/Info.plist;
				LD_RUNPATH_SEARCH_PATHS = "$(inherited) @executable_path/Frameworks";
				PRODUCT_BUNDLE_IDENTIFIER = com.rahulkatariya.Mozio;
				PRODUCT_NAME = "$(TARGET_NAME)";
			};
			name = Debug;
		};
		352226CE1D851CB700BE91E5 /* Release */ = {
			isa = XCBuildConfiguration;
			buildSettings = {
				ASSETCATALOG_COMPILER_APPICON_NAME = AppIcon;
				INFOPLIST_FILE = Mozio/Info.plist;
				LD_RUNPATH_SEARCH_PATHS = "$(inherited) @executable_path/Frameworks";
				PRODUCT_BUNDLE_IDENTIFIER = com.rahulkatariya.Mozio;
				PRODUCT_NAME = "$(TARGET_NAME)";
			};
			name = Release;
		};
/* End XCBuildConfiguration section */

/* Begin XCConfigurationList section */
		352226B51D851CB700BE91E5 /* Build configuration list for PBXProject "Mozio" */ = {
			isa = XCConfigurationList;
			buildConfigurations = (
				352226CA1D851CB700BE91E5 /* Debug */,
				352226CB1D851CB700BE91E5 /* Release */,
			);
			defaultConfigurationIsVisible = 0;
			defaultConfigurationName = Release;
		};
		352226CC1D851CB700BE91E5 /* Build configuration list for PBXNativeTarget "Mozio" */ = {
			isa = XCConfigurationList;
			buildConfigurations = (
				352226CD1D851CB700BE91E5 /* Debug */,
				352226CE1D851CB700BE91E5 /* Release */,
			);
			defaultConfigurationIsVisible = 0;
		};
/* End XCConfigurationList section */
	};
	rootObject = 352226B21D851CB700BE91E5 /* Project object */;
}
