// !$*UTF8*$!
{
	archiveVersion = 1;
	classes = {
	};
	objectVersion = 46;
	objects = {

/* Begin PBXBuildFile section */
		0B979D0E64B0833AF9F61F32 /* Pods_MozioTests.framework in Frameworks */ = {isa = PBXBuildFile; fileRef = 026580EFA2AF11F9FC2358F2 /* Pods_MozioTests.framework */; };
		18066E3DBACBB46E92B8103A /* Pods_Mozio.framework in Frameworks */ = {isa = PBXBuildFile; fileRef = C6B572CD470E7FA515A607CC /* Pods_Mozio.framework */; };
		35119A5D1D8556FC00C10108 /* AddPatientTableViewController.swift in Sources */ = {isa = PBXBuildFile; fileRef = 35119A5C1D8556FC00C10108 /* AddPatientTableViewController.swift */; };
		35119A5F1D85596A00C10108 /* PatientService+POST.swift in Sources */ = {isa = PBXBuildFile; fileRef = 35119A5E1D85596A00C10108 /* PatientService+POST.swift */; };
		35119A611D85599900C10108 /* PatientService+GET.swift in Sources */ = {isa = PBXBuildFile; fileRef = 35119A601D85599900C10108 /* PatientService+GET.swift */; };
		35119A641D8569E400C10108 /* AlertUtils.swift in Sources */ = {isa = PBXBuildFile; fileRef = 35119A631D8569E400C10108 /* AlertUtils.swift */; };
		352226BE1D851CB700BE91E5 /* AppDelegate.swift in Sources */ = {isa = PBXBuildFile; fileRef = 352226BD1D851CB700BE91E5 /* AppDelegate.swift */; };
		355A1DA51D85251A00A2DB27 /* MozioTests.swift in Sources */ = {isa = PBXBuildFile; fileRef = 355A1DA41D85251A00A2DB27 /* MozioTests.swift */; };
		358215E91D854336001B49AA /* Patient.swift in Sources */ = {isa = PBXBuildFile; fileRef = 358215E71D854336001B49AA /* Patient.swift */; };
		358215EA1D854336001B49AA /* ToddSyndromeProbabilty.swift in Sources */ = {isa = PBXBuildFile; fileRef = 358215E81D854336001B49AA /* ToddSyndromeProbabilty.swift */; };
		358215FA1D854C70001B49AA /* PatientsService+GET.swift in Sources */ = {isa = PBXBuildFile; fileRef = 358215F91D854C70001B49AA /* PatientsService+GET.swift */; };
		358215FE1D854DB1001B49AA /* PatientsTableViewController.swift in Sources */ = {isa = PBXBuildFile; fileRef = 358215FD1D854DB1001B49AA /* PatientsTableViewController.swift */; };
		358216001D854E18001B49AA /* PatientTableViewCell.swift in Sources */ = {isa = PBXBuildFile; fileRef = 358215FF1D854E18001B49AA /* PatientTableViewCell.swift */; };
		35E14B881D8523DB0052CCA1 /* Assets.xcassets in Resources */ = {isa = PBXBuildFile; fileRef = 35E14B821D8523DB0052CCA1 /* Assets.xcassets */; };
		35E14B891D8523DB0052CCA1 /* LaunchScreen.storyboard in Resources */ = {isa = PBXBuildFile; fileRef = 35E14B831D8523DB0052CCA1 /* LaunchScreen.storyboard */; };
		35E14B8A1D8523DB0052CCA1 /* Main.storyboard in Resources */ = {isa = PBXBuildFile; fileRef = 35E14B851D8523DB0052CCA1 /* Main.storyboard */; };
/* End PBXBuildFile section */

/* Begin PBXContainerItemProxy section */
		355A1DA71D85251A00A2DB27 /* PBXContainerItemProxy */ = {
			isa = PBXContainerItemProxy;
			containerPortal = 352226B21D851CB700BE91E5 /* Project object */;
			proxyType = 1;
			remoteGlobalIDString = 352226B91D851CB700BE91E5;
			remoteInfo = Mozio;
		};
/* End PBXContainerItemProxy section */

/* Begin PBXFileReference section */
		026580EFA2AF11F9FC2358F2 /* Pods_MozioTests.framework */ = {isa = PBXFileReference; explicitFileType = wrapper.framework; includeInIndex = 0; path = Pods_MozioTests.framework; sourceTree = BUILT_PRODUCTS_DIR; };
		35119A5C1D8556FC00C10108 /* AddPatientTableViewController.swift */ = {isa = PBXFileReference; fileEncoding = 4; lastKnownFileType = sourcecode.swift; path = AddPatientTableViewController.swift; sourceTree = "<group>"; };
		35119A5E1D85596A00C10108 /* PatientService+POST.swift */ = {isa = PBXFileReference; fileEncoding = 4; lastKnownFileType = sourcecode.swift; path = "PatientService+POST.swift"; sourceTree = "<group>"; };
		35119A601D85599900C10108 /* PatientService+GET.swift */ = {isa = PBXFileReference; fileEncoding = 4; lastKnownFileType = sourcecode.swift; path = "PatientService+GET.swift"; sourceTree = "<group>"; };
		35119A631D8569E400C10108 /* AlertUtils.swift */ = {isa = PBXFileReference; fileEncoding = 4; lastKnownFileType = sourcecode.swift; path = AlertUtils.swift; sourceTree = "<group>"; };
		352226BA1D851CB700BE91E5 /* Mozio.app */ = {isa = PBXFileReference; explicitFileType = wrapper.application; includeInIndex = 0; path = Mozio.app; sourceTree = BUILT_PRODUCTS_DIR; };
		352226BD1D851CB700BE91E5 /* AppDelegate.swift */ = {isa = PBXFileReference; lastKnownFileType = sourcecode.swift; path = AppDelegate.swift; sourceTree = "<group>"; };
		355A1DA21D85251A00A2DB27 /* MozioTests.xctest */ = {isa = PBXFileReference; explicitFileType = wrapper.cfbundle; includeInIndex = 0; path = MozioTests.xctest; sourceTree = BUILT_PRODUCTS_DIR; };
		355A1DA41D85251A00A2DB27 /* MozioTests.swift */ = {isa = PBXFileReference; lastKnownFileType = sourcecode.swift; path = MozioTests.swift; sourceTree = "<group>"; };
		355A1DA61D85251A00A2DB27 /* Info.plist */ = {isa = PBXFileReference; lastKnownFileType = text.plist.xml; path = Info.plist; sourceTree = "<group>"; };
		358215E71D854336001B49AA /* Patient.swift */ = {isa = PBXFileReference; fileEncoding = 4; lastKnownFileType = sourcecode.swift; path = Patient.swift; sourceTree = "<group>"; };
		358215E81D854336001B49AA /* ToddSyndromeProbabilty.swift */ = {isa = PBXFileReference; fileEncoding = 4; lastKnownFileType = sourcecode.swift; path = ToddSyndromeProbabilty.swift; sourceTree = "<group>"; };
		358215F91D854C70001B49AA /* PatientsService+GET.swift */ = {isa = PBXFileReference; fileEncoding = 4; lastKnownFileType = sourcecode.swift; path = "PatientsService+GET.swift"; sourceTree = "<group>"; };
		358215FD1D854DB1001B49AA /* PatientsTableViewController.swift */ = {isa = PBXFileReference; fileEncoding = 4; lastKnownFileType = sourcecode.swift; path = PatientsTableViewController.swift; sourceTree = "<group>"; };
		358215FF1D854E18001B49AA /* PatientTableViewCell.swift */ = {isa = PBXFileReference; fileEncoding = 4; lastKnownFileType = sourcecode.swift; path = PatientTableViewCell.swift; sourceTree = "<group>"; };
		35E14B821D8523DB0052CCA1 /* Assets.xcassets */ = {isa = PBXFileReference; lastKnownFileType = folder.assetcatalog; path = Assets.xcassets; sourceTree = "<group>"; };
		35E14B841D8523DB0052CCA1 /* Base */ = {isa = PBXFileReference; lastKnownFileType = file.storyboard; name = Base; path = Base.lproj/LaunchScreen.storyboard; sourceTree = "<group>"; };
		35E14B861D8523DB0052CCA1 /* Base */ = {isa = PBXFileReference; lastKnownFileType = file.storyboard; name = Base; path = Base.lproj/Main.storyboard; sourceTree = "<group>"; };
		35E14B871D8523DB0052CCA1 /* Info.plist */ = {isa = PBXFileReference; fileEncoding = 4; lastKnownFileType = text.plist.xml; path = Info.plist; sourceTree = "<group>"; };
		5A2E7B0AA848AB1AAFAE0D9D /* Pods-MozioTests.debug.xcconfig */ = {isa = PBXFileReference; includeInIndex = 1; lastKnownFileType = text.xcconfig; name = "Pods-MozioTests.debug.xcconfig"; path = "Pods/Target Support Files/Pods-MozioTests/Pods-MozioTests.debug.xcconfig"; sourceTree = "<group>"; };
		A6C91634867A0261A513939E /* Pods-Mozio.release.xcconfig */ = {isa = PBXFileReference; includeInIndex = 1; lastKnownFileType = text.xcconfig; name = "Pods-Mozio.release.xcconfig"; path = "Pods/Target Support Files/Pods-Mozio/Pods-Mozio.release.xcconfig"; sourceTree = "<group>"; };
		C6864296E9747BBC1D880A82 /* Pods-Mozio.debug.xcconfig */ = {isa = PBXFileReference; includeInIndex = 1; lastKnownFileType = text.xcconfig; name = "Pods-Mozio.debug.xcconfig"; path = "Pods/Target Support Files/Pods-Mozio/Pods-Mozio.debug.xcconfig"; sourceTree = "<group>"; };
		C6B572CD470E7FA515A607CC /* Pods_Mozio.framework */ = {isa = PBXFileReference; explicitFileType = wrapper.framework; includeInIndex = 0; path = Pods_Mozio.framework; sourceTree = BUILT_PRODUCTS_DIR; };
		DF6649EEACC49106B2912D7E /* Pods-MozioTests.release.xcconfig */ = {isa = PBXFileReference; includeInIndex = 1; lastKnownFileType = text.xcconfig; name = "Pods-MozioTests.release.xcconfig"; path = "Pods/Target Support Files/Pods-MozioTests/Pods-MozioTests.release.xcconfig"; sourceTree = "<group>"; };
/* End PBXFileReference section */

/* Begin PBXFrameworksBuildPhase section */
		352226B71D851CB700BE91E5 /* Frameworks */ = {
			isa = PBXFrameworksBuildPhase;
			buildActionMask = 2147483647;
			files = (
				18066E3DBACBB46E92B8103A /* Pods_Mozio.framework in Frameworks */,
			);
			runOnlyForDeploymentPostprocessing = 0;
		};
		355A1D9F1D85251A00A2DB27 /* Frameworks */ = {
			isa = PBXFrameworksBuildPhase;
			buildActionMask = 2147483647;
			files = (
				0B979D0E64B0833AF9F61F32 /* Pods_MozioTests.framework in Frameworks */,
			);
			runOnlyForDeploymentPostprocessing = 0;
		};
/* End PBXFrameworksBuildPhase section */

/* Begin PBXGroup section */
		35119A621D8569D300C10108 /* Helpers */ = {
			isa = PBXGroup;
			children = (
				35119A631D8569E400C10108 /* AlertUtils.swift */,
			);
			path = Helpers;
			sourceTree = "<group>";
		};
		352226B11D851CB700BE91E5 = {
			isa = PBXGroup;
			children = (
				352226BC1D851CB700BE91E5 /* Mozio */,
				355A1DA31D85251A00A2DB27 /* MozioTests */,
				352226BB1D851CB700BE91E5 /* Products */,
				E42531F98B83260B13A8C355 /* Pods */,
				7829FE1D40DB79351B4B9AC5 /* Frameworks */,
			);
			sourceTree = "<group>";
		};
		352226BB1D851CB700BE91E5 /* Products */ = {
			isa = PBXGroup;
			children = (
				352226BA1D851CB700BE91E5 /* Mozio.app */,
				355A1DA21D85251A00A2DB27 /* MozioTests.xctest */,
			);
			name = Products;
			sourceTree = "<group>";
		};
		352226BC1D851CB700BE91E5 /* Mozio */ = {
			isa = PBXGroup;
			children = (
				352226BD1D851CB700BE91E5 /* AppDelegate.swift */,
				35E14B851D8523DB0052CCA1 /* Main.storyboard */,
				358215FB1D854DB1001B49AA /* Modules */,
				358215E61D854336001B49AA /* Models */,
				358215F81D854C70001B49AA /* Services */,
				35119A621D8569D300C10108 /* Helpers */,
				35E14B811D8523DB0052CCA1 /* Supporting Files */,
			);
			path = Mozio;
			sourceTree = "<group>";
		};
		355A1DA31D85251A00A2DB27 /* MozioTests */ = {
			isa = PBXGroup;
			children = (
				355A1DA41D85251A00A2DB27 /* MozioTests.swift */,
				355A1DA61D85251A00A2DB27 /* Info.plist */,
			);
			path = MozioTests;
			sourceTree = "<group>";
		};
		358215E61D854336001B49AA /* Models */ = {
			isa = PBXGroup;
			children = (
				358215E71D854336001B49AA /* Patient.swift */,
				358215E81D854336001B49AA /* ToddSyndromeProbabilty.swift */,
			);
			path = Models;
			sourceTree = "<group>";
		};
		358215F81D854C70001B49AA /* Services */ = {
			isa = PBXGroup;
			children = (
				35119A601D85599900C10108 /* PatientService+GET.swift */,
				35119A5E1D85596A00C10108 /* PatientService+POST.swift */,
				358215F91D854C70001B49AA /* PatientsService+GET.swift */,
			);
			path = Services;
			sourceTree = "<group>";
		};
		358215FB1D854DB1001B49AA /* Modules */ = {
			isa = PBXGroup;
			children = (
				358215FC1D854DB1001B49AA /* Patients */,
			);
			path = Modules;
			sourceTree = "<group>";
		};
		358215FC1D854DB1001B49AA /* Patients */ = {
			isa = PBXGroup;
			children = (
				358215FD1D854DB1001B49AA /* PatientsTableViewController.swift */,
				358215FF1D854E18001B49AA /* PatientTableViewCell.swift */,
				35119A5C1D8556FC00C10108 /* AddPatientTableViewController.swift */,
			);
			path = Patients;
			sourceTree = "<group>";
		};
		35E14B811D8523DB0052CCA1 /* Supporting Files */ = {
			isa = PBXGroup;
			children = (
				35E14B821D8523DB0052CCA1 /* Assets.xcassets */,
				35E14B831D8523DB0052CCA1 /* LaunchScreen.storyboard */,
				35E14B871D8523DB0052CCA1 /* Info.plist */,
			);
			path = "Supporting Files";
			sourceTree = "<group>";
		};
		7829FE1D40DB79351B4B9AC5 /* Frameworks */ = {
			isa = PBXGroup;
			children = (
				C6B572CD470E7FA515A607CC /* Pods_Mozio.framework */,
				026580EFA2AF11F9FC2358F2 /* Pods_MozioTests.framework */,
			);
			name = Frameworks;
			sourceTree = "<group>";
		};
		E42531F98B83260B13A8C355 /* Pods */ = {
			isa = PBXGroup;
			children = (
				C6864296E9747BBC1D880A82 /* Pods-Mozio.debug.xcconfig */,
				A6C91634867A0261A513939E /* Pods-Mozio.release.xcconfig */,
				5A2E7B0AA848AB1AAFAE0D9D /* Pods-MozioTests.debug.xcconfig */,
				DF6649EEACC49106B2912D7E /* Pods-MozioTests.release.xcconfig */,
			);
			name = Pods;
			sourceTree = "<group>";
		};
/* End PBXGroup section */

/* Begin PBXNativeTarget section */
		352226B91D851CB700BE91E5 /* Mozio */ = {
			isa = PBXNativeTarget;
			buildConfigurationList = 352226CC1D851CB700BE91E5 /* Build configuration list for PBXNativeTarget "Mozio" */;
			buildPhases = (
				36F295C4F8EBC1EFA6D04DC9 /* [CP] Check Pods Manifest.lock */,
				352226B61D851CB700BE91E5 /* Sources */,
				352226B71D851CB700BE91E5 /* Frameworks */,
				352226B81D851CB700BE91E5 /* Resources */,
				18E5A66AF55CAF09E6C5FE00 /* [CP] Embed Pods Frameworks */,
				5162CBDB08A1DA6B07C568C9 /* [CP] Copy Pods Resources */,
			);
			buildRules = (
			);
			dependencies = (
			);
			name = Mozio;
			productName = Mozio;
			productReference = 352226BA1D851CB700BE91E5 /* Mozio.app */;
			productType = "com.apple.product-type.application";
		};
		355A1DA11D85251A00A2DB27 /* MozioTests */ = {
			isa = PBXNativeTarget;
			buildConfigurationList = 355A1DAB1D85251A00A2DB27 /* Build configuration list for PBXNativeTarget "MozioTests" */;
			buildPhases = (
				4B7C6BA0003000E131EA7380 /* [CP] Check Pods Manifest.lock */,
				355A1D9E1D85251A00A2DB27 /* Sources */,
				355A1D9F1D85251A00A2DB27 /* Frameworks */,
				355A1DA01D85251A00A2DB27 /* Resources */,
				B94AD8F048CC5C8EE2A0F32F /* [CP] Embed Pods Frameworks */,
				96427C000B764C2B1D31DF92 /* [CP] Copy Pods Resources */,
			);
			buildRules = (
			);
			dependencies = (
				355A1DA81D85251A00A2DB27 /* PBXTargetDependency */,
			);
			name = MozioTests;
			productName = MozioTests;
			productReference = 355A1DA21D85251A00A2DB27 /* MozioTests.xctest */;
			productType = "com.apple.product-type.bundle.unit-test";
		};
/* End PBXNativeTarget section */

/* Begin PBXProject section */
		352226B21D851CB700BE91E5 /* Project object */ = {
			isa = PBXProject;
			attributes = {
				LastSwiftUpdateCheck = 0730;
				LastUpgradeCheck = 0730;
				ORGANIZATIONNAME = "Rahul Katariya";
				TargetAttributes = {
					352226B91D851CB700BE91E5 = {
						CreatedOnToolsVersion = 7.3.1;
					};
					355A1DA11D85251A00A2DB27 = {
						CreatedOnToolsVersion = 7.3.1;
						TestTargetID = 352226B91D851CB700BE91E5;
					};
				};
			};
			buildConfigurationList = 352226B51D851CB700BE91E5 /* Build configuration list for PBXProject "Mozio" */;
			compatibilityVersion = "Xcode 3.2";
			developmentRegion = English;
			hasScannedForEncodings = 0;
			knownRegions = (
				en,
				Base,
			);
			mainGroup = 352226B11D851CB700BE91E5;
			productRefGroup = 352226BB1D851CB700BE91E5 /* Products */;
			projectDirPath = "";
			projectRoot = "";
			targets = (
				352226B91D851CB700BE91E5 /* Mozio */,
				355A1DA11D85251A00A2DB27 /* MozioTests */,
			);
		};
/* End PBXProject section */

/* Begin PBXResourcesBuildPhase section */
		352226B81D851CB700BE91E5 /* Resources */ = {
			isa = PBXResourcesBuildPhase;
			buildActionMask = 2147483647;
			files = (
				35E14B881D8523DB0052CCA1 /* Assets.xcassets in Resources */,
				35E14B8A1D8523DB0052CCA1 /* Main.storyboard in Resources */,
				35E14B891D8523DB0052CCA1 /* LaunchScreen.storyboard in Resources */,
			);
			runOnlyForDeploymentPostprocessing = 0;
		};
		355A1DA01D85251A00A2DB27 /* Resources */ = {
			isa = PBXResourcesBuildPhase;
			buildActionMask = 2147483647;
			files = (
			);
			runOnlyForDeploymentPostprocessing = 0;
		};
/* End PBXResourcesBuildPhase section */

/* Begin PBXShellScriptBuildPhase section */
		18E5A66AF55CAF09E6C5FE00 /* [CP] Embed Pods Frameworks */ = {
			isa = PBXShellScriptBuildPhase;
			buildActionMask = 2147483647;
			files = (
			);
			inputPaths = (
			);
			name = "[CP] Embed Pods Frameworks";
			outputPaths = (
			);
			runOnlyForDeploymentPostprocessing = 0;
			shellPath = /bin/sh;
			shellScript = "\"${SRCROOT}/Pods/Target Support Files/Pods-Mozio/Pods-Mozio-frameworks.sh\"\n";
			showEnvVarsInLog = 0;
		};
		36F295C4F8EBC1EFA6D04DC9 /* [CP] Check Pods Manifest.lock */ = {
			isa = PBXShellScriptBuildPhase;
			buildActionMask = 2147483647;
			files = (
			);
			inputPaths = (
			);
			name = "[CP] Check Pods Manifest.lock";
			outputPaths = (
			);
			runOnlyForDeploymentPostprocessing = 0;
			shellPath = /bin/sh;
			shellScript = "diff \"${PODS_ROOT}/../Podfile.lock\" \"${PODS_ROOT}/Manifest.lock\" > /dev/null\nif [[ $? != 0 ]] ; then\n    cat << EOM\nerror: The sandbox is not in sync with the Podfile.lock. Run 'pod install' or update your CocoaPods installation.\nEOM\n    exit 1\nfi\n";
			showEnvVarsInLog = 0;
		};
		4B7C6BA0003000E131EA7380 /* [CP] Check Pods Manifest.lock */ = {
			isa = PBXShellScriptBuildPhase;
			buildActionMask = 2147483647;
			files = (
			);
			inputPaths = (
			);
			name = "[CP] Check Pods Manifest.lock";
			outputPaths = (
			);
			runOnlyForDeploymentPostprocessing = 0;
			shellPath = /bin/sh;
			shellScript = "diff \"${PODS_ROOT}/../Podfile.lock\" \"${PODS_ROOT}/Manifest.lock\" > /dev/null\nif [[ $? != 0 ]] ; then\n    cat << EOM\nerror: The sandbox is not in sync with the Podfile.lock. Run 'pod install' or update your CocoaPods installation.\nEOM\n    exit 1\nfi\n";
			showEnvVarsInLog = 0;
		};
		5162CBDB08A1DA6B07C568C9 /* [CP] Copy Pods Resources */ = {
			isa = PBXShellScriptBuildPhase;
			buildActionMask = 2147483647;
			files = (
			);
			inputPaths = (
			);
			name = "[CP] Copy Pods Resources";
			outputPaths = (
			);
			runOnlyForDeploymentPostprocessing = 0;
			shellPath = /bin/sh;
			shellScript = "\"${SRCROOT}/Pods/Target Support Files/Pods-Mozio/Pods-Mozio-resources.sh\"\n";
			showEnvVarsInLog = 0;
		};
		96427C000B764C2B1D31DF92 /* [CP] Copy Pods Resources */ = {
			isa = PBXShellScriptBuildPhase;
			buildActionMask = 2147483647;
			files = (
			);
			inputPaths = (
			);
			name = "[CP] Copy Pods Resources";
			outputPaths = (
			);
			runOnlyForDeploymentPostprocessing = 0;
			shellPath = /bin/sh;
			shellScript = "\"${SRCROOT}/Pods/Target Support Files/Pods-MozioTests/Pods-MozioTests-resources.sh\"\n";
			showEnvVarsInLog = 0;
		};
		B94AD8F048CC5C8EE2A0F32F /* [CP] Embed Pods Frameworks */ = {
			isa = PBXShellScriptBuildPhase;
			buildActionMask = 2147483647;
			files = (
			);
			inputPaths = (
			);
			name = "[CP] Embed Pods Frameworks";
			outputPaths = (
			);
			runOnlyForDeploymentPostprocessing = 0;
			shellPath = /bin/sh;
			shellScript = "\"${SRCROOT}/Pods/Target Support Files/Pods-MozioTests/Pods-MozioTests-frameworks.sh\"\n";
			showEnvVarsInLog = 0;
		};
/* End PBXShellScriptBuildPhase section */

/* Begin PBXSourcesBuildPhase section */
		352226B61D851CB700BE91E5 /* Sources */ = {
			isa = PBXSourcesBuildPhase;
			buildActionMask = 2147483647;
			files = (
				35119A641D8569E400C10108 /* AlertUtils.swift in Sources */,
				358215FA1D854C70001B49AA /* PatientsService+GET.swift in Sources */,
				352226BE1D851CB700BE91E5 /* AppDelegate.swift in Sources */,
				358215E91D854336001B49AA /* Patient.swift in Sources */,
				35119A5F1D85596A00C10108 /* PatientService+POST.swift in Sources */,
				35119A5D1D8556FC00C10108 /* AddPatientTableViewController.swift in Sources */,
				358216001D854E18001B49AA /* PatientTableViewCell.swift in Sources */,
				358215FE1D854DB1001B49AA /* PatientsTableViewController.swift in Sources */,
				35119A611D85599900C10108 /* PatientService+GET.swift in Sources */,
				358215EA1D854336001B49AA /* ToddSyndromeProbabilty.swift in Sources */,
			);
			runOnlyForDeploymentPostprocessing = 0;
		};
		355A1D9E1D85251A00A2DB27 /* Sources */ = {
			isa = PBXSourcesBuildPhase;
			buildActionMask = 2147483647;
			files = (
				355A1DA51D85251A00A2DB27 /* MozioTests.swift in Sources */,
			);
			runOnlyForDeploymentPostprocessing = 0;
		};
/* End PBXSourcesBuildPhase section */

/* Begin PBXTargetDependency section */
		355A1DA81D85251A00A2DB27 /* PBXTargetDependency */ = {
			isa = PBXTargetDependency;
			target = 352226B91D851CB700BE91E5 /* Mozio */;
			targetProxy = 355A1DA71D85251A00A2DB27 /* PBXContainerItemProxy */;
		};
/* End PBXTargetDependency section */

/* Begin PBXVariantGroup section */
		35E14B831D8523DB0052CCA1 /* LaunchScreen.storyboard */ = {
			isa = PBXVariantGroup;
			children = (
				35E14B841D8523DB0052CCA1 /* Base */,
			);
			name = LaunchScreen.storyboard;
			sourceTree = "<group>";
		};
		35E14B851D8523DB0052CCA1 /* Main.storyboard */ = {
			isa = PBXVariantGroup;
			children = (
				35E14B861D8523DB0052CCA1 /* Base */,
			);
			name = Main.storyboard;
			path = "Supporting Files";
			sourceTree = "<group>";
		};
/* End PBXVariantGroup section */

/* Begin XCBuildConfiguration section */
		352226CA1D851CB700BE91E5 /* Debug */ = {
			isa = XCBuildConfiguration;
			buildSettings = {
				ALWAYS_SEARCH_USER_PATHS = NO;
				CLANG_ANALYZER_NONNULL = YES;
				CLANG_CXX_LANGUAGE_STANDARD = "gnu++0x";
				CLANG_CXX_LIBRARY = "libc++";
				CLANG_ENABLE_MODULES = YES;
				CLANG_ENABLE_OBJC_ARC = YES;
				CLANG_WARN_BOOL_CONVERSION = YES;
				CLANG_WARN_CONSTANT_CONVERSION = YES;
				CLANG_WARN_DIRECT_OBJC_ISA_USAGE = YES_ERROR;
				CLANG_WARN_EMPTY_BODY = YES;
				CLANG_WARN_ENUM_CONVERSION = YES;
				CLANG_WARN_INT_CONVERSION = YES;
				CLANG_WARN_OBJC_ROOT_CLASS = YES_ERROR;
				CLANG_WARN_UNREACHABLE_CODE = YES;
				CLANG_WARN__DUPLICATE_METHOD_MATCH = YES;
				"CODE_SIGN_IDENTITY[sdk=iphoneos*]" = "iPhone Developer";
				COPY_PHASE_STRIP = NO;
				DEBUG_INFORMATION_FORMAT = dwarf;
				ENABLE_STRICT_OBJC_MSGSEND = YES;
				ENABLE_TESTABILITY = YES;
				GCC_C_LANGUAGE_STANDARD = gnu99;
				GCC_DYNAMIC_NO_PIC = NO;
				GCC_NO_COMMON_BLOCKS = YES;
				GCC_OPTIMIZATION_LEVEL = 0;
				GCC_PREPROCESSOR_DEFINITIONS = (
					"DEBUG=1",
					"$(inherited)",
				);
				GCC_WARN_64_TO_32_BIT_CONVERSION = YES;
				GCC_WARN_ABOUT_RETURN_TYPE = YES_ERROR;
				GCC_WARN_UNDECLARED_SELECTOR = YES;
				GCC_WARN_UNINITIALIZED_AUTOS = YES_AGGRESSIVE;
				GCC_WARN_UNUSED_FUNCTION = YES;
				GCC_WARN_UNUSED_VARIABLE = YES;
				IPHONEOS_DEPLOYMENT_TARGET = 9.3;
				MTL_ENABLE_DEBUG_INFO = YES;
				ONLY_ACTIVE_ARCH = YES;
				SDKROOT = iphoneos;
				SWIFT_OPTIMIZATION_LEVEL = "-Onone";
				TARGETED_DEVICE_FAMILY = "1,2";
			};
			name = Debug;
		};
		352226CB1D851CB700BE91E5 /* Release */ = {
			isa = XCBuildConfiguration;
			buildSettings = {
				ALWAYS_SEARCH_USER_PATHS = NO;
				CLANG_ANALYZER_NONNULL = YES;
				CLANG_CXX_LANGUAGE_STANDARD = "gnu++0x";
				CLANG_CXX_LIBRARY = "libc++";
				CLANG_ENABLE_MODULES = YES;
				CLANG_ENABLE_OBJC_ARC = YES;
				CLANG_WARN_BOOL_CONVERSION = YES;
				CLANG_WARN_CONSTANT_CONVERSION = YES;
				CLANG_WARN_DIRECT_OBJC_ISA_USAGE = YES_ERROR;
				CLANG_WARN_EMPTY_BODY = YES;
				CLANG_WARN_ENUM_CONVERSION = YES;
				CLANG_WARN_INT_CONVERSION = YES;
				CLANG_WARN_OBJC_ROOT_CLASS = YES_ERROR;
				CLANG_WARN_UNREACHABLE_CODE = YES;
				CLANG_WARN__DUPLICATE_METHOD_MATCH = YES;
				"CODE_SIGN_IDENTITY[sdk=iphoneos*]" = "iPhone Developer";
				COPY_PHASE_STRIP = NO;
				DEBUG_INFORMATION_FORMAT = "dwarf-with-dsym";
				ENABLE_NS_ASSERTIONS = NO;
				ENABLE_STRICT_OBJC_MSGSEND = YES;
				GCC_C_LANGUAGE_STANDARD = gnu99;
				GCC_NO_COMMON_BLOCKS = YES;
				GCC_WARN_64_TO_32_BIT_CONVERSION = YES;
				GCC_WARN_ABOUT_RETURN_TYPE = YES_ERROR;
				GCC_WARN_UNDECLARED_SELECTOR = YES;
				GCC_WARN_UNINITIALIZED_AUTOS = YES_AGGRESSIVE;
				GCC_WARN_UNUSED_FUNCTION = YES;
				GCC_WARN_UNUSED_VARIABLE = YES;
				IPHONEOS_DEPLOYMENT_TARGET = 9.3;
				MTL_ENABLE_DEBUG_INFO = NO;
				SDKROOT = iphoneos;
				TARGETED_DEVICE_FAMILY = "1,2";
				VALIDATE_PRODUCT = YES;
			};
			name = Release;
		};
		352226CD1D851CB700BE91E5 /* Debug */ = {
			isa = XCBuildConfiguration;
			baseConfigurationReference = C6864296E9747BBC1D880A82 /* Pods-Mozio.debug.xcconfig */;
			buildSettings = {
				ASSETCATALOG_COMPILER_APPICON_NAME = AppIcon;
				INFOPLIST_FILE = "$(SRCROOT)/Mozio/Supporting Files/Info.plist";
				LD_RUNPATH_SEARCH_PATHS = "$(inherited) @executable_path/Frameworks";
				PRODUCT_BUNDLE_IDENTIFIER = com.rahulkatariya.Mozio;
				PRODUCT_NAME = "$(TARGET_NAME)";
			};
			name = Debug;
		};
		352226CE1D851CB700BE91E5 /* Release */ = {
			isa = XCBuildConfiguration;
			baseConfigurationReference = A6C91634867A0261A513939E /* Pods-Mozio.release.xcconfig */;
			buildSettings = {
				ASSETCATALOG_COMPILER_APPICON_NAME = AppIcon;
				INFOPLIST_FILE = "$(SRCROOT)/Mozio/Supporting Files/Info.plist";
				LD_RUNPATH_SEARCH_PATHS = "$(inherited) @executable_path/Frameworks";
				PRODUCT_BUNDLE_IDENTIFIER = com.rahulkatariya.Mozio;
				PRODUCT_NAME = "$(TARGET_NAME)";
			};
			name = Release;
		};
		355A1DA91D85251A00A2DB27 /* Debug */ = {
			isa = XCBuildConfiguration;
			baseConfigurationReference = 5A2E7B0AA848AB1AAFAE0D9D /* Pods-MozioTests.debug.xcconfig */;
			buildSettings = {
				BUNDLE_LOADER = "$(TEST_HOST)";
				INFOPLIST_FILE = MozioTests/Info.plist;
				LD_RUNPATH_SEARCH_PATHS = "$(inherited) @executable_path/Frameworks @loader_path/Frameworks";
				PRODUCT_BUNDLE_IDENTIFIER = com.rahulkatariya.MozioTests;
				PRODUCT_NAME = "$(TARGET_NAME)";
				TEST_HOST = "$(BUILT_PRODUCTS_DIR)/Mozio.app/Mozio";
			};
			name = Debug;
		};
		355A1DAA1D85251A00A2DB27 /* Release */ = {
			isa = XCBuildConfiguration;
			baseConfigurationReference = DF6649EEACC49106B2912D7E /* Pods-MozioTests.release.xcconfig */;
			buildSettings = {
				BUNDLE_LOADER = "$(TEST_HOST)";
				INFOPLIST_FILE = MozioTests/Info.plist;
				LD_RUNPATH_SEARCH_PATHS = "$(inherited) @executable_path/Frameworks @loader_path/Frameworks";
				PRODUCT_BUNDLE_IDENTIFIER = com.rahulkatariya.MozioTests;
				PRODUCT_NAME = "$(TARGET_NAME)";
				TEST_HOST = "$(BUILT_PRODUCTS_DIR)/Mozio.app/Mozio";
			};
			name = Release;
		};
/* End XCBuildConfiguration section */

/* Begin XCConfigurationList section */
		352226B51D851CB700BE91E5 /* Build configuration list for PBXProject "Mozio" */ = {
			isa = XCConfigurationList;
			buildConfigurations = (
				352226CA1D851CB700BE91E5 /* Debug */,
				352226CB1D851CB700BE91E5 /* Release */,
			);
			defaultConfigurationIsVisible = 0;
			defaultConfigurationName = Release;
		};
		352226CC1D851CB700BE91E5 /* Build configuration list for PBXNativeTarget "Mozio" */ = {
			isa = XCConfigurationList;
			buildConfigurations = (
				352226CD1D851CB700BE91E5 /* Debug */,
				352226CE1D851CB700BE91E5 /* Release */,
			);
			defaultConfigurationIsVisible = 0;
			defaultConfigurationName = Release;
		};
		355A1DAB1D85251A00A2DB27 /* Build configuration list for PBXNativeTarget "MozioTests" */ = {
			isa = XCConfigurationList;
			buildConfigurations = (
				355A1DA91D85251A00A2DB27 /* Debug */,
				355A1DAA1D85251A00A2DB27 /* Release */,
			);
			defaultConfigurationIsVisible = 0;
			defaultConfigurationName = Release;
		};
/* End XCConfigurationList section */
	};
	rootObject = 352226B21D851CB700BE91E5 /* Project object */;
}
